PODS:
  - Parallaxer/Base (4.0.0)
  - Parallaxer/Combine (4.0.0):
    - Parallaxer/Base
  - Parallaxer/RxSwift (4.0.0):
    - Parallaxer/Base
    - RxSwift
  - RxBlocking (5.0.0):
    - RxSwift (~> 5)
  - RxSwift (5.0.0)
  - RxTest (5.0.0):
    - RxSwift (~> 5)

DEPENDENCIES:
  - Parallaxer/Combine (from `../`)
  - Parallaxer/RxSwift (from `../`)
  - RxBlocking
  - RxSwift
  - RxTest

SPEC REPOS:
  trunk:
    - RxBlocking
    - RxSwift
    - RxTest

EXTERNAL SOURCES:
  Parallaxer:
    :path: "../"

SPEC CHECKSUMS:
  Parallaxer: d3e9a4625d39c676a00b2453b7ada998e88a3c94
  RxBlocking: c67185d26498ea3cbe3e121917c3c16739e43123
  RxSwift: 8b0671caa829a763bbce7271095859121cbd895f
  RxTest: 4349afe98f564e0a9bc19063368904622d17d49a

PODFILE CHECKSUM: 4c1336a3c0e39a222821af84d0950559cc457852

COCOAPODS: 1.11.2
