PODS:
  - Parallaxer (4.0.0):
    - Parallaxer/RxSwift (= 4.0.0)
  - Parallaxer/Base (4.0.0)
  - Parallaxer/RxSwift (4.0.0):
    - Parallaxer/Base
    - RxSwift
  - RxBlocking (5.0.0):
    - RxSwift (~> 5)
  - RxSwift (5.0.0)
  - RxTest (5.0.0):
    - RxSwift (~> 5)

DEPENDENCIES:
  - Parallaxer (from `../`)
  - RxBlocking
  - RxSwift
  - RxTest

SPEC REPOS:
  trunk:
    - RxBlocking
    - RxSwift
    - RxTest

EXTERNAL SOURCES:
  Parallaxer:
    :path: "../"

SPEC CHECKSUMS:
  Parallaxer: 83f485dd45874b81ec4c083281c5bead1c48452f
  RxBlocking: c67185d26498ea3cbe3e121917c3c16739e43123
  RxSwift: 8b0671caa829a763bbce7271095859121cbd895f
  RxTest: 4349afe98f564e0a9bc19063368904622d17d49a

PODFILE CHECKSUM: a774dff8a0c995f763c4f327578b057f05d58c68

COCOAPODS: 1.10.1
